
Microsoft Visual Studio Solution File, Format Version 12.00
# Visual Studio Version 17
VisualStudioVersion = 17.14.36414.22 d17.14
MinimumVisualStudioVersion = 10.0.40219.1
Project("{FAE04EC0-301F-11D3-BF4B-00C04F79EFBC}") = "ComputerScience", "ComputerScience.csproj", "{D113D8D3-CFF9-46EE-A91D-5F78F0D0D235}"
EndProject
Global
	GlobalSection(SolutionConfigurationPlatforms) = preSolution
		Debug|Any CPU = Debug|Any CPU
		Release|Any CPU = Release|Any CPU
	EndGlobalSection
	GlobalSection(ProjectConfigurationPlatforms) = postSolution
		{D113D8D3-CFF9-46EE-A91D-5F78F0D0D235}.Debug|Any CPU.ActiveCfg = Debug|Any CPU
		{D113D8D3-CFF9-46EE-A91D-5F78F0D0D235}.Debug|Any CPU.Build.0 = Debug|Any CPU
		{D113D8D3-CFF9-46EE-A91D-5F78F0D0D235}.Release|Any CPU.ActiveCfg = Release|Any CPU
		{D113D8D3-CFF9-46EE-A91D-5F78F0D0D235}.Release|Any CPU.Build.0 = Release|Any CPU
	EndGlobalSection
	GlobalSection(SolutionProperties) = preSolution
		HideSolutionNode = FALSE
	EndGlobalSection
	GlobalSection(ExtensibilityGlobals) = postSolution
		SolutionGuid = {2C1858F4-9825-42C1-8609-D668A24EC39D}
	EndGlobalSection
EndGlobal
